// !$*UTF8*$!
{
	archiveVersion = 1;
	classes = {
	};
	objectVersion = 77;
	objects = {

/* Begin PBXContainerItemProxy section */
		55C15BD92D18EE70001A8059 /* PBXContainerItemProxy */ = {
			isa = PBXContainerItemProxy;
			containerPortal = 55C15BC02D18EE6E001A8059 /* Project object */;
			proxyType = 1;
			remoteGlobalIDString = 55C15BC72D18EE6E001A8059;
			remoteInfo = PetTaxi;
		};
		55C15BE32D18EE70001A8059 /* PBXContainerItemProxy */ = {
			isa = PBXContainerItemProxy;
			containerPortal = 55C15BC02D18EE6E001A8059 /* Project object */;
			proxyType = 1;
			remoteGlobalIDString = 55C15BC72D18EE6E001A8059;
			remoteInfo = PetTaxi;
		};
/* End PBXContainerItemProxy section */

/* Begin PBXFileReference section */
		55C15BC82D18EE6E001A8059 /* PetTaxi.app */ = {isa = PBXFileReference; explicitFileType = wrapper.application; includeInIndex = 0; path = PetTaxi.app; sourceTree = BUILT_PRODUCTS_DIR; };
		55C15BD82D18EE70001A8059 /* PetTaxiTests.xctest */ = {isa = PBXFileReference; explicitFileType = wrapper.cfbundle; includeInIndex = 0; path = PetTaxiTests.xctest; sourceTree = BUILT_PRODUCTS_DIR; };
		55C15BE22D18EE70001A8059 /* PetTaxiUITests.xctest */ = {isa = PBXFileReference; explicitFileType = wrapper.cfbundle; includeInIndex = 0; path = PetTaxiUITests.xctest; sourceTree = BUILT_PRODUCTS_DIR; };
/* End PBXFileReference section */

/* Begin PBXFileSystemSynchronizedBuildFileExceptionSet section */
		5589A9F72D4B008D006A22F7 /* Exceptions for "PetTaxi" folder in "PetTaxi" target */ = {
			isa = PBXFileSystemSynchronizedBuildFileExceptionSet;
			membershipExceptions = (
				Info.plist,
			);
			target = 55C15BC72D18EE6E001A8059 /* PetTaxi */;
		};
/* End PBXFileSystemSynchronizedBuildFileExceptionSet section */

/* Begin PBXFileSystemSynchronizedRootGroup section */
		55C15BCA2D18EE6E001A8059 /* PetTaxi */ = {
			isa = PBXFileSystemSynchronizedRootGroup;
			exceptions = (
				5589A9F72D4B008D006A22F7 /* Exceptions for "PetTaxi" folder in "PetTaxi" target */,
			);
			path = PetTaxi;
			sourceTree = "<group>";
		};
		55C15BDB2D18EE70001A8059 /* PetTaxiTests */ = {
			isa = PBXFileSystemSynchronizedRootGroup;
			path = PetTaxiTests;
			sourceTree = "<group>";
		};
		55C15BE52D18EE70001A8059 /* PetTaxiUITests */ = {
			isa = PBXFileSystemSynchronizedRootGroup;
			path = PetTaxiUITests;
			sourceTree = "<group>";
		};
/* End PBXFileSystemSynchronizedRootGroup section */

/* Begin PBXFrameworksBuildPhase section */
		55C15BC52D18EE6E001A8059 /* Frameworks */ = {
			isa = PBXFrameworksBuildPhase;
			buildActionMask = 2147483647;
			files = (
			);
			runOnlyForDeploymentPostprocessing = 0;
		};
		55C15BD52D18EE70001A8059 /* Frameworks */ = {
			isa = PBXFrameworksBuildPhase;
			buildActionMask = 2147483647;
			files = (
			);
			runOnlyForDeploymentPostprocessing = 0;
		};
		55C15BDF2D18EE70001A8059 /* Frameworks */ = {
			isa = PBXFrameworksBuildPhase;
			buildActionMask = 2147483647;
			files = (
			);
			runOnlyForDeploymentPostprocessing = 0;
		};
/* End PBXFrameworksBuildPhase section */

/* Begin PBXGroup section */
		55C15BBF2D18EE6E001A8059 = {
			isa = PBXGroup;
			children = (
				55C15BCA2D18EE6E001A8059 /* PetTaxi */,
				55C15BDB2D18EE70001A8059 /* PetTaxiTests */,
				55C15BE52D18EE70001A8059 /* PetTaxiUITests */,
				55C15BC92D18EE6E001A8059 /* Products */,
			);
			sourceTree = "<group>";
		};
		55C15BC92D18EE6E001A8059 /* Products */ = {
			isa = PBXGroup;
			children = (
				55C15BC82D18EE6E001A8059 /* PetTaxi.app */,
				55C15BD82D18EE70001A8059 /* PetTaxiTests.xctest */,
				55C15BE22D18EE70001A8059 /* PetTaxiUITests.xctest */,
			);
			name = Products;
			sourceTree = "<group>";
		};
/* End PBXGroup section */

/* Begin PBXNativeTarget section */
		55C15BC72D18EE6E001A8059 /* PetTaxi */ = {
			isa = PBXNativeTarget;
			buildConfigurationList = 55C15BEC2D18EE70001A8059 /* Build configuration list for PBXNativeTarget "PetTaxi" */;
			buildPhases = (
				55C15BC42D18EE6E001A8059 /* Sources */,
				55C15BC52D18EE6E001A8059 /* Frameworks */,
				55C15BC62D18EE6E001A8059 /* Resources */,
			);
			buildRules = (
			);
			dependencies = (
			);
			fileSystemSynchronizedGroups = (
				55C15BCA2D18EE6E001A8059 /* PetTaxi */,
			);
			name = PetTaxi;
			packageProductDependencies = (
			);
			productName = PetTaxi;
			productReference = 55C15BC82D18EE6E001A8059 /* PetTaxi.app */;
			productType = "com.apple.product-type.application";
		};
		55C15BD72D18EE70001A8059 /* PetTaxiTests */ = {
			isa = PBXNativeTarget;
			buildConfigurationList = 55C15BEF2D18EE70001A8059 /* Build configuration list for PBXNativeTarget "PetTaxiTests" */;
			buildPhases = (
				55C15BD42D18EE70001A8059 /* Sources */,
				55C15BD52D18EE70001A8059 /* Frameworks */,
				55C15BD62D18EE70001A8059 /* Resources */,
			);
			buildRules = (
			);
			dependencies = (
				55C15BDA2D18EE70001A8059 /* PBXTargetDependency */,
			);
			fileSystemSynchronizedGroups = (
				55C15BDB2D18EE70001A8059 /* PetTaxiTests */,
			);
			name = PetTaxiTests;
			packageProductDependencies = (
			);
			productName = PetTaxiTests;
			productReference = 55C15BD82D18EE70001A8059 /* PetTaxiTests.xctest */;
			productType = "com.apple.product-type.bundle.unit-test";
		};
		55C15BE12D18EE70001A8059 /* PetTaxiUITests */ = {
			isa = PBXNativeTarget;
			buildConfigurationList = 55C15BF22D18EE70001A8059 /* Build configuration list for PBXNativeTarget "PetTaxiUITests" */;
			buildPhases = (
				55C15BDE2D18EE70001A8059 /* Sources */,
				55C15BDF2D18EE70001A8059 /* Frameworks */,
				55C15BE02D18EE70001A8059 /* Resources */,
			);
			buildRules = (
			);
			dependencies = (
				55C15BE42D18EE70001A8059 /* PBXTargetDependency */,
			);
			fileSystemSynchronizedGroups = (
				55C15BE52D18EE70001A8059 /* PetTaxiUITests */,
			);
			name = PetTaxiUITests;
			packageProductDependencies = (
			);
			productName = PetTaxiUITests;
			productReference = 55C15BE22D18EE70001A8059 /* PetTaxiUITests.xctest */;
			productType = "com.apple.product-type.bundle.ui-testing";
		};
/* End PBXNativeTarget section */

/* Begin PBXProject section */
		55C15BC02D18EE6E001A8059 /* Project object */ = {
			isa = PBXProject;
			attributes = {
				BuildIndependentTargetsInParallel = 1;
				LastSwiftUpdateCheck = 1600;
				LastUpgradeCheck = 1600;
				TargetAttributes = {
					55C15BC72D18EE6E001A8059 = {
						CreatedOnToolsVersion = 16.0;
					};
					55C15BD72D18EE70001A8059 = {
						CreatedOnToolsVersion = 16.0;
						TestTargetID = 55C15BC72D18EE6E001A8059;
					};
					55C15BE12D18EE70001A8059 = {
						CreatedOnToolsVersion = 16.0;
						TestTargetID = 55C15BC72D18EE6E001A8059;
					};
				};
			};
			buildConfigurationList = 55C15BC32D18EE6E001A8059 /* Build configuration list for PBXProject "PetTaxi" */;
			developmentRegion = en;
			hasScannedForEncodings = 0;
			knownRegions = (
				en,
				Base,
			);
			mainGroup = 55C15BBF2D18EE6E001A8059;
			minimizedProjectReferenceProxies = 1;
			preferredProjectObjectVersion = 77;
			productRefGroup = 55C15BC92D18EE6E001A8059 /* Products */;
			projectDirPath = "";
			projectRoot = "";
			targets = (
				55C15BC72D18EE6E001A8059 /* PetTaxi */,
				55C15BD72D18EE70001A8059 /* PetTaxiTests */,
				55C15BE12D18EE70001A8059 /* PetTaxiUITests */,
			);
		};
/* End PBXProject section */

/* Begin PBXResourcesBuildPhase section */
		55C15BC62D18EE6E001A8059 /* Resources */ = {
			isa = PBXResourcesBuildPhase;
			buildActionMask = 2147483647;
			files = (
			);
			runOnlyForDeploymentPostprocessing = 0;
		};
		55C15BD62D18EE70001A8059 /* Resources */ = {
			isa = PBXResourcesBuildPhase;
			buildActionMask = 2147483647;
			files = (
			);
			runOnlyForDeploymentPostprocessing = 0;
		};
		55C15BE02D18EE70001A8059 /* Resources */ = {
			isa = PBXResourcesBuildPhase;
			buildActionMask = 2147483647;
			files = (
			);
			runOnlyForDeploymentPostprocessing = 0;
		};
/* End PBXResourcesBuildPhase section */

/* Begin PBXSourcesBuildPhase section */
		55C15BC42D18EE6E001A8059 /* Sources */ = {
			isa = PBXSourcesBuildPhase;
			buildActionMask = 2147483647;
			files = (
			);
			runOnlyForDeploymentPostprocessing = 0;
		};
		55C15BD42D18EE70001A8059 /* Sources */ = {
			isa = PBXSourcesBuildPhase;
			buildActionMask = 2147483647;
			files = (
			);
			runOnlyForDeploymentPostprocessing = 0;
		};
		55C15BDE2D18EE70001A8059 /* Sources */ = {
			isa = PBXSourcesBuildPhase;
			buildActionMask = 2147483647;
			files = (
			);
			runOnlyForDeploymentPostprocessing = 0;
		};
/* End PBXSourcesBuildPhase section */

/* Begin PBXTargetDependency section */
		55C15BDA2D18EE70001A8059 /* PBXTargetDependency */ = {
			isa = PBXTargetDependency;
			target = 55C15BC72D18EE6E001A8059 /* PetTaxi */;
			targetProxy = 55C15BD92D18EE70001A8059 /* PBXContainerItemProxy */;
		};
		55C15BE42D18EE70001A8059 /* PBXTargetDependency */ = {
			isa = PBXTargetDependency;
			target = 55C15BC72D18EE6E001A8059 /* PetTaxi */;
			targetProxy = 55C15BE32D18EE70001A8059 /* PBXContainerItemProxy */;
		};
/* End PBXTargetDependency section */

/* Begin XCBuildConfiguration section */
		55C15BEA2D18EE70001A8059 /* Debug */ = {
			isa = XCBuildConfiguration;
			buildSettings = {
				ALWAYS_SEARCH_USER_PATHS = NO;
				ASSETCATALOG_COMPILER_GENERATE_SWIFT_ASSET_SYMBOL_EXTENSIONS = YES;
				CLANG_ANALYZER_NONNULL = YES;
				CLANG_ANALYZER_NUMBER_OBJECT_CONVERSION = YES_AGGRESSIVE;
				CLANG_CXX_LANGUAGE_STANDARD = "gnu++20";
				CLANG_ENABLE_MODULES = YES;
				CLANG_ENABLE_OBJC_ARC = YES;
				CLANG_ENABLE_OBJC_WEAK = YES;
				CLANG_WARN_BLOCK_CAPTURE_AUTORELEASING = YES;
				CLANG_WARN_BOOL_CONVERSION = YES;
				CLANG_WARN_COMMA = YES;
				CLANG_WARN_CONSTANT_CONVERSION = YES;
				CLANG_WARN_DEPRECATED_OBJC_IMPLEMENTATIONS = YES;
				CLANG_WARN_DIRECT_OBJC_ISA_USAGE = YES_ERROR;
				CLANG_WARN_DOCUMENTATION_COMMENTS = YES;
				CLANG_WARN_EMPTY_BODY = YES;
				CLANG_WARN_ENUM_CONVERSION = YES;
				CLANG_WARN_INFINITE_RECURSION = YES;
				CLANG_WARN_INT_CONVERSION = YES;
				CLANG_WARN_NON_LITERAL_NULL_CONVERSION = YES;
				CLANG_WARN_OBJC_IMPLICIT_RETAIN_SELF = YES;
				CLANG_WARN_OBJC_LITERAL_CONVERSION = YES;
				CLANG_WARN_OBJC_ROOT_CLASS = YES_ERROR;
				CLANG_WARN_QUOTED_INCLUDE_IN_FRAMEWORK_HEADER = YES;
				CLANG_WARN_RANGE_LOOP_ANALYSIS = YES;
				CLANG_WARN_STRICT_PROTOTYPES = YES;
				CLANG_WARN_SUSPICIOUS_MOVE = YES;
				CLANG_WARN_UNGUARDED_AVAILABILITY = YES_AGGRESSIVE;
				CLANG_WARN_UNREACHABLE_CODE = YES;
				CLANG_WARN__DUPLICATE_METHOD_MATCH = YES;
				COPY_PHASE_STRIP = NO;
				DEBUG_INFORMATION_FORMAT = dwarf;
				ENABLE_STRICT_OBJC_MSGSEND = YES;
				ENABLE_TESTABILITY = YES;
				ENABLE_USER_SCRIPT_SANDBOXING = YES;
				GCC_C_LANGUAGE_STANDARD = gnu17;
				GCC_DYNAMIC_NO_PIC = NO;
				GCC_NO_COMMON_BLOCKS = YES;
				GCC_OPTIMIZATION_LEVEL = 0;
				GCC_PREPROCESSOR_DEFINITIONS = (
					"DEBUG=1",
					"$(inherited)",
				);
				GCC_WARN_64_TO_32_BIT_CONVERSION = YES;
				GCC_WARN_ABOUT_RETURN_TYPE = YES_ERROR;
				GCC_WARN_UNDECLARED_SELECTOR = YES;
				GCC_WARN_UNINITIALIZED_AUTOS = YES_AGGRESSIVE;
				GCC_WARN_UNUSED_FUNCTION = YES;
				GCC_WARN_UNUSED_VARIABLE = YES;
				IPHONEOS_DEPLOYMENT_TARGET = 18.0;
				LOCALIZATION_PREFERS_STRING_CATALOGS = YES;
				MTL_ENABLE_DEBUG_INFO = INCLUDE_SOURCE;
				MTL_FAST_MATH = YES;
				ONLY_ACTIVE_ARCH = YES;
				SDKROOT = iphoneos;
				SWIFT_ACTIVE_COMPILATION_CONDITIONS = "DEBUG $(inherited)";
				SWIFT_OPTIMIZATION_LEVEL = "-Onone";
			};
			name = Debug;
		};
		55C15BEB2D18EE70001A8059 /* Release */ = {
			isa = XCBuildConfiguration;
			buildSettings = {
				ALWAYS_SEARCH_USER_PATHS = NO;
				ASSETCATALOG_COMPILER_GENERATE_SWIFT_ASSET_SYMBOL_EXTENSIONS = YES;
				CLANG_ANALYZER_NONNULL = YES;
				CLANG_ANALYZER_NUMBER_OBJECT_CONVERSION = YES_AGGRESSIVE;
				CLANG_CXX_LANGUAGE_STANDARD = "gnu++20";
				CLANG_ENABLE_MODULES = YES;
				CLANG_ENABLE_OBJC_ARC = YES;
				CLANG_ENABLE_OBJC_WEAK = YES;
				CLANG_WARN_BLOCK_CAPTURE_AUTORELEASING = YES;
				CLANG_WARN_BOOL_CONVERSION = YES;
				CLANG_WARN_COMMA = YES;
				CLANG_WARN_CONSTANT_CONVERSION = YES;
				CLANG_WARN_DEPRECATED_OBJC_IMPLEMENTATIONS = YES;
				CLANG_WARN_DIRECT_OBJC_ISA_USAGE = YES_ERROR;
				CLANG_WARN_DOCUMENTATION_COMMENTS = YES;
				CLANG_WARN_EMPTY_BODY = YES;
				CLANG_WARN_ENUM_CONVERSION = YES;
				CLANG_WARN_INFINITE_RECURSION = YES;
				CLANG_WARN_INT_CONVERSION = YES;
				CLANG_WARN_NON_LITERAL_NULL_CONVERSION = YES;
				CLANG_WARN_OBJC_IMPLICIT_RETAIN_SELF = YES;
				CLANG_WARN_OBJC_LITERAL_CONVERSION = YES;
				CLANG_WARN_OBJC_ROOT_CLASS = YES_ERROR;
				CLANG_WARN_QUOTED_INCLUDE_IN_FRAMEWORK_HEADER = YES;
				CLANG_WARN_RANGE_LOOP_ANALYSIS = YES;
				CLANG_WARN_STRICT_PROTOTYPES = YES;
				CLANG_WARN_SUSPICIOUS_MOVE = YES;
				CLANG_WARN_UNGUARDED_AVAILABILITY = YES_AGGRESSIVE;
				CLANG_WARN_UNREACHABLE_CODE = YES;
				CLANG_WARN__DUPLICATE_METHOD_MATCH = YES;
				COPY_PHASE_STRIP = NO;
				DEBUG_INFORMATION_FORMAT = "dwarf-with-dsym";
				ENABLE_NS_ASSERTIONS = NO;
				ENABLE_STRICT_OBJC_MSGSEND = YES;
				ENABLE_USER_SCRIPT_SANDBOXING = YES;
				GCC_C_LANGUAGE_STANDARD = gnu17;
				GCC_NO_COMMON_BLOCKS = YES;
				GCC_WARN_64_TO_32_BIT_CONVERSION = YES;
				GCC_WARN_ABOUT_RETURN_TYPE = YES_ERROR;
				GCC_WARN_UNDECLARED_SELECTOR = YES;
				GCC_WARN_UNINITIALIZED_AUTOS = YES_AGGRESSIVE;
				GCC_WARN_UNUSED_FUNCTION = YES;
				GCC_WARN_UNUSED_VARIABLE = YES;
				IPHONEOS_DEPLOYMENT_TARGET = 18.0;
				LOCALIZATION_PREFERS_STRING_CATALOGS = YES;
				MTL_ENABLE_DEBUG_INFO = NO;
				MTL_FAST_MATH = YES;
				SDKROOT = iphoneos;
				SWIFT_COMPILATION_MODE = wholemodule;
				VALIDATE_PRODUCT = YES;
			};
			name = Release;
		};
		55C15BED2D18EE70001A8059 /* Debug */ = {
			isa = XCBuildConfiguration;
			buildSettings = {
				ASSETCATALOG_COMPILER_APPICON_NAME = AppIcon;
				ASSETCATALOG_COMPILER_GLOBAL_ACCENT_COLOR_NAME = AccentColor;
				CODE_SIGN_STYLE = Automatic;
				CURRENT_PROJECT_VERSION = 1;
				DEVELOPMENT_ASSET_PATHS = "\"PetTaxi/Preview Content\"";
				DEVELOPMENT_TEAM = 5HB9TDBUQ5;
				ENABLE_PREVIEWS = YES;
				GENERATE_INFOPLIST_FILE = YES;
				INFOPLIST_FILE = PetTaxi/Info.plist;
				INFOPLIST_KEY_CFBundleDisplayName = "";
				INFOPLIST_KEY_UIApplicationSceneManifest_Generation = YES;
				INFOPLIST_KEY_UIApplicationSupportsIndirectInputEvents = YES;
				INFOPLIST_KEY_UILaunchScreen_Generation = YES;
				INFOPLIST_KEY_UISupportedInterfaceOrientations_iPad = "UIInterfaceOrientationPortrait UIInterfaceOrientationPortraitUpsideDown UIInterfaceOrientationLandscapeLeft UIInterfaceOrientationLandscapeRight";
				INFOPLIST_KEY_UISupportedInterfaceOrientations_iPhone = "UIInterfaceOrientationPortrait UIInterfaceOrientationLandscapeLeft UIInterfaceOrientationLandscapeRight";
				IPHONEOS_DEPLOYMENT_TARGET = 17.6;
				LD_RUNPATH_SEARCH_PATHS = (
					"$(inherited)",
					"@executable_path/Frameworks",
				);
				MARKETING_VERSION = 1.0;
				PRODUCT_BUNDLE_IDENTIFIER = com.PetTaxi.diplomna;
				PRODUCT_NAME = "$(TARGET_NAME)";
				SWIFT_EMIT_LOC_STRINGS = YES;
				SWIFT_VERSION = 5.0;
				TARGETED_DEVICE_FAMILY = "1,2";
			};
			name = Debug;
		};
		55C15BEE2D18EE70001A8059 /* Release */ = {
			isa = XCBuildConfiguration;
			buildSettings = {
				ASSETCATALOG_COMPILER_APPICON_NAME = AppIcon;
				ASSETCATALOG_COMPILER_GLOBAL_ACCENT_COLOR_NAME = AccentColor;
				CODE_SIGN_STYLE = Automatic;
				CURRENT_PROJECT_VERSION = 1;
				DEVELOPMENT_ASSET_PATHS = "\"PetTaxi/Preview Content\"";
				DEVELOPMENT_TEAM = 5HB9TDBUQ5;
				ENABLE_PREVIEWS = YES;
				GENERATE_INFOPLIST_FILE = YES;
				INFOPLIST_FILE = PetTaxi/Info.plist;
				INFOPLIST_KEY_CFBundleDisplayName = "";
				INFOPLIST_KEY_UIApplicationSceneManifest_Generation = YES;
				INFOPLIST_KEY_UIApplicationSupportsIndirectInputEvents = YES;
				INFOPLIST_KEY_UILaunchScreen_Generation = YES;
				INFOPLIST_KEY_UISupportedInterfaceOrientations_iPad = "UIInterfaceOrientationPortrait UIInterfaceOrientationPortraitUpsideDown UIInterfaceOrientationLandscapeLeft UIInterfaceOrientationLandscapeRight";
				INFOPLIST_KEY_UISupportedInterfaceOrientations_iPhone = "UIInterfaceOrientationPortrait UIInterfaceOrientationLandscapeLeft UIInterfaceOrientationLandscapeRight";
				IPHONEOS_DEPLOYMENT_TARGET = 17.6;
				LD_RUNPATH_SEARCH_PATHS = (
					"$(inherited)",
					"@executable_path/Frameworks",
				);
				MARKETING_VERSION = 1.0;
				PRODUCT_BUNDLE_IDENTIFIER = com.PetTaxi.diplomna;
				PRODUCT_NAME = "$(TARGET_NAME)";
				SWIFT_EMIT_LOC_STRINGS = YES;
				SWIFT_VERSION = 5.0;
				TARGETED_DEVICE_FAMILY = "1,2";
			};
			name = Release;
		};
		55C15BF02D18EE70001A8059 /* Debug */ = {
			isa = XCBuildConfiguration;
			buildSettings = {
				BUNDLE_LOADER = "$(TEST_HOST)";
				CODE_SIGN_STYLE = Automatic;
				CURRENT_PROJECT_VERSION = 1;
				GENERATE_INFOPLIST_FILE = YES;
				IPHONEOS_DEPLOYMENT_TARGET = 18.0;
				MARKETING_VERSION = 1.0;
				PRODUCT_BUNDLE_IDENTIFIER = com.PetTaxiTests;
				PRODUCT_NAME = "$(TARGET_NAME)";
				SWIFT_EMIT_LOC_STRINGS = NO;
				SWIFT_VERSION = 5.0;
				TARGETED_DEVICE_FAMILY = "1,2";
				TEST_HOST = "$(BUILT_PRODUCTS_DIR)/PetTaxi.app/$(BUNDLE_EXECUTABLE_FOLDER_PATH)/PetTaxi";
			};
			name = Debug;
		};
		55C15BF12D18EE70001A8059 /* Release */ = {
			isa = XCBuildConfiguration;
			buildSettings = {
				BUNDLE_LOADER = "$(TEST_HOST)";
				CODE_SIGN_STYLE = Automatic;
				CURRENT_PROJECT_VERSION = 1;
				GENERATE_INFOPLIST_FILE = YES;
				IPHONEOS_DEPLOYMENT_TARGET = 18.0;
				MARKETING_VERSION = 1.0;
				PRODUCT_BUNDLE_IDENTIFIER = com.PetTaxiTests;
				PRODUCT_NAME = "$(TARGET_NAME)";
				SWIFT_EMIT_LOC_STRINGS = NO;
				SWIFT_VERSION = 5.0;
				TARGETED_DEVICE_FAMILY = "1,2";
				TEST_HOST = "$(BUILT_PRODUCTS_DIR)/PetTaxi.app/$(BUNDLE_EXECUTABLE_FOLDER_PATH)/PetTaxi";
			};
			name = Release;
		};
		55C15BF32D18EE70001A8059 /* Debug */ = {
			isa = XCBuildConfiguration;
			buildSettings = {
				CODE_SIGN_STYLE = Automatic;
				CURRENT_PROJECT_VERSION = 1;
				GENERATE_INFOPLIST_FILE = YES;
				MARKETING_VERSION = 1.0;
				PRODUCT_BUNDLE_IDENTIFIER = com.PetTaxiUITests;
				PRODUCT_NAME = "$(TARGET_NAME)";
				SWIFT_EMIT_LOC_STRINGS = NO;
				SWIFT_VERSION = 5.0;
				TARGETED_DEVICE_FAMILY = "1,2";
				TEST_TARGET_NAME = PetTaxi;
			};
			name = Debug;
		};
		55C15BF42D18EE70001A8059 /* Release */ = {
			isa = XCBuildConfiguration;
			buildSettings = {
				CODE_SIGN_STYLE = Automatic;
				CURRENT_PROJECT_VERSION = 1;
				GENERATE_INFOPLIST_FILE = YES;
				MARKETING_VERSION = 1.0;
				PRODUCT_BUNDLE_IDENTIFIER = com.PetTaxiUITests;
				PRODUCT_NAME = "$(TARGET_NAME)";
				SWIFT_EMIT_LOC_STRINGS = NO;
				SWIFT_VERSION = 5.0;
				TARGETED_DEVICE_FAMILY = "1,2";
				TEST_TARGET_NAME = PetTaxi;
			};
			name = Release;
		};
/* End XCBuildConfiguration section */

/* Begin XCConfigurationList section */
		55C15BC32D18EE6E001A8059 /* Build configuration list for PBXProject "PetTaxi" */ = {
			isa = XCConfigurationList;
			buildConfigurations = (
				55C15BEA2D18EE70001A8059 /* Debug */,
				55C15BEB2D18EE70001A8059 /* Release */,
			);
			defaultConfigurationIsVisible = 0;
			defaultConfigurationName = Release;
		};
		55C15BEC2D18EE70001A8059 /* Build configuration list for PBXNativeTarget "PetTaxi" */ = {
			isa = XCConfigurationList;
			buildConfigurations = (
				55C15BED2D18EE70001A8059 /* Debug */,
				55C15BEE2D18EE70001A8059 /* Release */,
			);
			defaultConfigurationIsVisible = 0;
			defaultConfigurationName = Release;
		};
		55C15BEF2D18EE70001A8059 /* Build configuration list for PBXNativeTarget "PetTaxiTests" */ = {
			isa = XCConfigurationList;
			buildConfigurations = (
				55C15BF02D18EE70001A8059 /* Debug */,
				55C15BF12D18EE70001A8059 /* Release */,
			);
			defaultConfigurationIsVisible = 0;
			defaultConfigurationName = Release;
		};
		55C15BF22D18EE70001A8059 /* Build configuration list for PBXNativeTarget "PetTaxiUITests" */ = {
			isa = XCConfigurationList;
			buildConfigurations = (
				55C15BF32D18EE70001A8059 /* Debug */,
				55C15BF42D18EE70001A8059 /* Release */,
			);
			defaultConfigurationIsVisible = 0;
			defaultConfigurationName = Release;
		};
/* End XCConfigurationList section */
	};
	rootObject = 55C15BC02D18EE6E001A8059 /* Project object */;
}
